PODS:
  - iCarousel (1.8.3)
  - Realm (2.10.2):
    - Realm/Headers (= 2.10.2)
  - Realm/Headers (2.10.2)
  - RealmSwift (2.10.2):
    - Realm (= 2.10.2)
  - SideMenu (2.3.3)
  - SlideMenuControllerSwift (3.0.1)
  - SwiftyGif (3.1.0)

DEPENDENCIES:
  - iCarousel
  - RealmSwift
  - SideMenu
  - SlideMenuControllerSwift
  - SwiftyGif

SPEC CHECKSUMS:
  iCarousel: d782f635afac190c49bb8ee455882284cff8b85f
  Realm: 0ef72b837fb67e9f4b098bac771ddd72c7fdbb69
  RealmSwift: 07a9ae0505091eda6b2ee7c190c3786d6e90a7b0
  SideMenu: a447554ae5c982e8077666389e1c8b0c8656e065
  SlideMenuControllerSwift: 9a163b16d54afab734add42858cba7ef7c307755
  SwiftyGif: aad44b7ef0ad1d599ba83d7aa5759e916b520c42

PODFILE CHECKSUM: 1042d2f831265ecec07040e358a9eca3d963026e

COCOAPODS: 1.3.0.beta.2
